{
  "name": "sandbox",
  "version": "1.0.0",
  "lockfileVersion": 2,
  "requires": true,
  "packages": {
    "": {
      "name": "sandbox",
      "version": "1.0.0",
      "license": "ISC",
      "dependencies": {
        "typescript-bundle": "^1.0.18"
      },
      "devDependencies": {
        "typescript": "^4.7.4"
      }
    },
    "node_modules/typescript": {
      "version": "4.7.4",
      "resolved": "https://registry.npmjs.org/typescript/-/typescript-4.7.4.tgz",
      "integrity": "sha512-C0WQT0gezHuw6AdY1M2jxUO83Rjf0HP7Sk1DtXj6j1EwkQNZrHAg2XPWlq62oqEhYvONq5pkC2Y9oPljWToLmQ==",
      "dev": true,
      "bin": {
        "tsc": "bin/tsc",
        "tsserver": "bin/tsserver"
      },
      "engines": {
        "node": ">=4.2.0"
      }
    },
    "node_modules/typescript-bundle": {
      "version": "1.0.18",
      "resolved": "https://registry.npmjs.org/typescript-bundle/-/typescript-bundle-1.0.18.tgz",
      "integrity": "sha512-ZtzMZPzW3bnL4c+jBjgSHxlnW9TdWQjFS5RLk4k0YJb85zv78rdslf13mKXUgHZjTeEyO8R59IQ4WqSdlEXhAw==",
      "bin": {
        "tsc-bundle": "tsc-bundle"
      }
    }
  },
  "dependencies": {
    "typescript": {
      "version": "4.7.4",
      "resolved": "https://registry.npmjs.org/typescript/-/typescript-4.7.4.tgz",
      "integrity": "sha512-C0WQT0gezHuw6AdY1M2jxUO83Rjf0HP7Sk1DtXj6j1EwkQNZrHAg2XPWlq62oqEhYvONq5pkC2Y9oPljWToLmQ==",
      "dev": true
    },
    "typescript-bundle": {
      "version": "1.0.18",
      "resolved": "https://registry.npmjs.org/typescript-bundle/-/typescript-bundle-1.0.18.tgz",
      "integrity": "sha512-ZtzMZPzW3bnL4c+jBjgSHxlnW9TdWQjFS5RLk4k0YJb85zv78rdslf13mKXUgHZjTeEyO8R59IQ4WqSdlEXhAw=="
    }
  }
}
